
Microsoft Visual Studio Solution File, Format Version 12.00
# Visual Studio Version 16
VisualStudioVersion = 16.0.30114.105
MinimumVisualStudioVersion = 10.0.40219.1
Project("{FAE04EC0-301F-11D3-BF4B-00C04F79EFBC}") = "NoteBuddy", "Note Buddy\NoteBuddy.csproj", "{0DBDA2C4-9AF2-40EF-9DD0-55F9E00AAD38}"
EndProject
Global
	GlobalSection(SolutionConfigurationPlatforms) = preSolution
		Debug|Any CPU = Debug|Any CPU
		Release|Any CPU = Release|Any CPU
	EndGlobalSection
	GlobalSection(ProjectConfigurationPlatforms) = postSolution
		{0DBDA2C4-9AF2-40EF-9DD0-55F9E00AAD38}.Debug|Any CPU.ActiveCfg = Debug|Any CPU
		{0DBDA2C4-9AF2-40EF-9DD0-55F9E00AAD38}.Debug|Any CPU.Build.0 = Debug|Any CPU
		{0DBDA2C4-9AF2-40EF-9DD0-55F9E00AAD38}.Release|Any CPU.ActiveCfg = Release|Any CPU
		{0DBDA2C4-9AF2-40EF-9DD0-55F9E00AAD38}.Release|Any CPU.Build.0 = Release|Any CPU
	EndGlobalSection
	GlobalSection(SolutionProperties) = preSolution
		HideSolutionNode = FALSE
	EndGlobalSection
	GlobalSection(ExtensibilityGlobals) = postSolution
		SolutionGuid = {24A50CF5-AADE-4E49-964C-3A814B543C47}
	EndGlobalSection
EndGlobal
